{
  "version": 4,
  "terraform_version": "1.12.1",
  "serial": 47,
  "lineage": "11765f80-e61f-8d17-c41d-865f01395b7c",
  "outputs": {},
  "resources": [
    {
      "mode": "data",
      "type": "aws_eks_cluster",
      "name": "cluster",
      "provider": "provider[\"registry.terraform.io/hashicorp/aws\"]",
      "instances": [
        {
          "schema_version": 0,
          "attributes": {
            "access_config": [
              {
                "authentication_mode": "API_AND_CONFIG_MAP",
                "bootstrap_cluster_creator_admin_permissions": true
              }
            ],
            "arn": "arn:aws:eks:us-east-1:565393052020:cluster/greg-wiz-cluster",
            "certificate_authority": [
              {
                "data": "LS0tLS1CRUdJTiBDRVJUSUZJQ0FURS0tLS0tCk1JSURCVENDQWUyZ0F3SUJBZ0lJTGM4NWJ6b2UrcVF3RFFZSktvWklodmNOQVFFTEJRQXdGVEVUTUJFR0ExVUUKQXhNS2EzVmlaWEp1WlhSbGN6QWVGdzB5TlRBMU1UZ3hOVFU0TlRCYUZ3MHpOVEExTVRZeE5qQXpOVEJhTUJVeApFekFSQmdOVkJBTVRDbXQxWW1WeWJtVjBaWE13Z2dFaU1BMEdDU3FHU0liM0RRRUJBUVVBQTRJQkR3QXdnZ0VLCkFvSUJBUURRQ0JKc1pOYVVOMVQ5UkFCMG8vLzRNYU1uVjg2ZjBrTTJwNElzQ0NZN0V1T0xxaFBPSDB1b0svbngKTmJkVDZUaDErck05KzZyRGtYWENFZVpLTDk4cXJFUlpPUStxSUR2bjdMaktvVFlvVGVBU2liN3A5Zm1YemsyTQpNQUd1TVczNVlRTy91L3BlbnN6ZkdmS3N4QWZNYVJwN2xqVGdaSHM5UDdvbzBiSWY0VDZSMGdwd2pDMlg1K083CnhCcXR5N3RUTHpXU3NTQ09ibVAxbDE4K3JDYVY4Y3E2M3JPNHhjSlNJUkNWZjN0SzRjOWhCa015ZFpsTklEbVEKTFlhTGIwNDZmS3lwbnlaYjNmOTFmNHpUYTgzSVZPSXRWQXd3RG5Vb1NGc2xLekVtS3MwUkI2aUZTR2pGOVVQRQphNkxOTGIxSVg2UjdEYTdlTUN0WFdJdUMzK0doQWdNQkFBR2pXVEJYTUE0R0ExVWREd0VCL3dRRUF3SUNwREFQCkJnTlZIUk1CQWY4RUJUQURBUUgvTUIwR0ExVWREZ1FXQkJRN0lISVJ6cGtkaHN4K0UrcjRQeHZiWkdCUUxqQVYKQmdOVkhSRUVEakFNZ2dwcmRXSmxjbTVsZEdWek1BMEdDU3FHU0liM0RRRUJDd1VBQTRJQkFRRFBGbGFhcDRwTwpXTktjQXdSZndEYk8vOGF6MzIxUHFDMlhXL1llUWNhK0E1dkJlZUNKdGZ1QkpJNldHMVNsOHQvMGVRRHNhclBvCkVrNjVmaHRrWC95LzZmS01mYmNFMks0UlBtckE3NWJseDRZOFdkRXdJaTFQbjBtTzN6a0g3YWFFc1JsTUNHcmgKTWZQRzFQMy9FQzVVcnRQSDBhVkFHek1vaGxBaFVrR21iek9ZMGUweFVZdUEvWDhQSkdIU2RpUTRXbVQwV214QwpJSUkyOWpyVVhYUEZ3MFltc0x0ZGhweWpWOXRFbGhQTTBmWVBYWUlOekJiYWJnQS85Z1RrRHMyQ1o4N0hPZzEzCkIvaUpDblpITWVuc29pWEdGMU0zcWlpajVLUXFlR2gvV2lTMlY3ZndXb0lydkV5Nm43ZUxveUl4Z3ovT2c3K2UKR2NwdmtJWFRCRkgxCi0tLS0tRU5EIENFUlRJRklDQVRFLS0tLS0K"
              }
            ],
            "cluster_id": null,
            "compute_config": [],
            "created_at": "2025-05-18T15:59:27Z",
            "enabled_cluster_log_types": [],
            "endpoint": "https://167CBCD21C1410E82C54A1AF15084E8B.gr7.us-east-1.eks.amazonaws.com",
            "id": "greg-wiz-cluster",
            "identity": [
              {
                "oidc": [
                  {
                    "issuer": "https://oidc.eks.us-east-1.amazonaws.com/id/167CBCD21C1410E82C54A1AF15084E8B"
                  }
                ]
              }
            ],
            "kubernetes_network_config": [
              {
                "elastic_load_balancing": [
                  {
                    "enabled": false
                  }
                ],
                "ip_family": "ipv4",
                "service_ipv4_cidr": "10.100.0.0/16",
                "service_ipv6_cidr": ""
              }
            ],
            "name": "greg-wiz-cluster",
            "outpost_config": [],
            "platform_version": "eks.10",
            "remote_network_config": [],
            "role_arn": "arn:aws:iam::565393052020:role/eksctl-greg-wiz-cluster-cluster-ServiceRole-0yMHdgUgpoqy",
            "status": "ACTIVE",
            "storage_config": [],
            "tags": {
              "Name": "eksctl-greg-wiz-cluster-cluster/ControlPlane",
              "alpha.eksctl.io/cluster-name": "greg-wiz-cluster",
              "alpha.eksctl.io/cluster-oidc-enabled": "false",
              "alpha.eksctl.io/eksctl-version": "0.208.0",
              "eksctl.cluster.k8s.io/v1alpha1/cluster-name": "greg-wiz-cluster"
            },
            "upgrade_policy": [
              {
                "support_type": "EXTENDED"
              }
            ],
            "version": "1.32",
            "vpc_config": [
              {
                "cluster_security_group_id": "sg-0127184bb4e28a2c1",
                "endpoint_private_access": false,
                "endpoint_public_access": true,
                "public_access_cidrs": [
                  "0.0.0.0/0"
                ],
                "security_group_ids": [
                  "sg-0980f2fbfff282034"
                ],
                "subnet_ids": [
                  "subnet-051c6208661501316",
                  "subnet-0ca3b648f32d2c6a8",
                  "subnet-0d46e54003ae80fc8",
                  "subnet-0ed3e07817ff60ad5"
                ],
                "vpc_id": "vpc-01342ea4eb106f05b"
              }
            ],
            "zonal_shift_config": []
          },
          "sensitive_attributes": [],
          "identity_schema_version": 0
        }
      ]
    },
    {
      "mode": "data",
      "type": "aws_eks_cluster_auth",
      "name": "cluster",
      "provider": "provider[\"registry.terraform.io/hashicorp/aws\"]",
      "instances": [
        {
          "schema_version": 0,
          "attributes": {
            "id": "greg-wiz-cluster",
            "name": "greg-wiz-cluster",
            "token": "k8s-aws-v1.aHR0cHM6Ly9zdHMudXMtZWFzdC0xLmFtYXpvbmF3cy5jb20vP0FjdGlvbj1HZXRDYWxsZXJJZGVudGl0eSZWZXJzaW9uPTIwMTEtMDYtMTUmWC1BbXotQWxnb3JpdGhtPUFXUzQtSE1BQy1TSEEyNTYmWC1BbXotQ3JlZGVudGlhbD1BS0lBWUhKQU5LRjJNV1pXM1NUUSUyRjIwMjUwNTIzJTJGdXMtZWFzdC0xJTJGc3RzJTJGYXdzNF9yZXF1ZXN0JlgtQW16LURhdGU9MjAyNTA1MjNUMjExNDQ0WiZYLUFtei1FeHBpcmVzPTAmWC1BbXotU2lnbmVkSGVhZGVycz1ob3N0JTNCeC1rOHMtYXdzLWlkJlgtQW16LVNpZ25hdHVyZT1mMWU2NmExNTIwNDBmYjJlZjhhZWFlNDE0Njc1NTY3YjZmMTBmM2I5ZWVmM2Y5NmJkNzE4NDg4Yzc3Y2Y5YTVi"
          },
          "sensitive_attributes": [
            [
              {
                "type": "get_attr",
                "value": "token"
              }
            ]
          ],
          "identity_schema_version": 0
        }
      ]
    },
    {
      "mode": "managed",
      "type": "kubernetes_deployment",
      "name": "tasky",
      "provider": "provider[\"registry.terraform.io/hashicorp/kubernetes\"]",
      "instances": [
        {
          "schema_version": 1,
          "attributes": {
            "id": "default/tasky",
            "metadata": [
              {
                "annotations": {
                  "redeploy-hash": "2025-05-23T21:14:54Z"
                },
                "generate_name": "",
                "generation": 10,
                "labels": {
                  "app": "tasky"
                },
                "name": "tasky",
                "namespace": "default",
                "resource_version": "1243168",
                "uid": "a6f562d7-9e18-42b0-88f2-ff547d64531b"
              }
            ],
            "spec": [
              {
                "min_ready_seconds": 0,
                "paused": false,
                "progress_deadline_seconds": 600,
                "replicas": "1",
                "revision_history_limit": 10,
                "selector": [
                  {
                    "match_expressions": [],
                    "match_labels": {
                      "app": "tasky"
                    }
                  }
                ],
                "strategy": [
                  {
                    "rolling_update": [
                      {
                        "max_surge": "25%",
                        "max_unavailable": "25%"
                      }
                    ],
                    "type": "RollingUpdate"
                  }
                ],
                "template": [
                  {
                    "metadata": [
                      {
                        "annotations": {},
                        "generate_name": "",
                        "generation": 0,
                        "labels": {
                          "app": "tasky"
                        },
                        "name": "",
                        "namespace": "",
                        "resource_version": "",
                        "uid": ""
                      }
                    ],
                    "spec": [
                      {
                        "active_deadline_seconds": 0,
                        "affinity": [],
                        "automount_service_account_token": true,
                        "container": [
                          {
                            "args": [],
                            "command": [],
                            "env": [
                              {
                                "name": "MONGODB_URI",
                                "value": "mongodb://greg:greg123@192.168.6.132:27017/admin",
                                "value_from": []
                              },
                              {
                                "name": "SECRET_KEY",
                                "value": "secret123",
                                "value_from": []
                              }
                            ],
                            "env_from": [],
                            "image": "565393052020.dkr.ecr.us-east-1.amazonaws.com/tasky:latest",
                            "image_pull_policy": "Always",
                            "lifecycle": [],
                            "liveness_probe": [],
                            "name": "tasky",
                            "port": [
                              {
                                "container_port": 8080,
                                "host_ip": "",
                                "host_port": 0,
                                "name": "",
                                "protocol": "TCP"
                              }
                            ],
                            "readiness_probe": [],
                            "resources": [
                              {
                                "limits": {},
                                "requests": {}
                              }
                            ],
                            "security_context": [],
                            "startup_probe": [],
                            "stdin": false,
                            "stdin_once": false,
                            "termination_message_path": "/dev/termination-log",
                            "termination_message_policy": "File",
                            "tty": false,
                            "volume_device": [],
                            "volume_mount": [],
                            "working_dir": ""
                          }
                        ],
                        "dns_config": [],
                        "dns_policy": "ClusterFirst",
                        "enable_service_links": true,
                        "host_aliases": [],
                        "host_ipc": false,
                        "host_network": false,
                        "host_pid": false,
                        "hostname": "",
                        "image_pull_secrets": [],
                        "init_container": [],
                        "node_name": "",
                        "node_selector": {},
                        "os": [],
                        "priority_class_name": "",
                        "readiness_gate": [],
                        "restart_policy": "Always",
                        "runtime_class_name": "",
                        "scheduler_name": "default-scheduler",
                        "security_context": [],
                        "service_account_name": "",
                        "share_process_namespace": false,
                        "subdomain": "",
                        "termination_grace_period_seconds": 30,
                        "toleration": [],
                        "topology_spread_constraint": [],
                        "volume": []
                      }
                    ]
                  }
                ]
              }
            ],
            "timeouts": null,
            "wait_for_rollout": true
          },
          "sensitive_attributes": [],
          "identity_schema_version": 0,
          "private": "eyJlMmJmYjczMC1lY2FhLTExZTYtOGY4OC0zNDM2M2JjN2M0YzAiOnsiY3JlYXRlIjo2MDAwMDAwMDAwMDAsImRlbGV0ZSI6NjAwMDAwMDAwMDAwLCJ1cGRhdGUiOjYwMDAwMDAwMDAwMH0sInNjaGVtYV92ZXJzaW9uIjoiMSJ9",
          "dependencies": [
            "data.aws_eks_cluster.cluster",
            "data.aws_eks_cluster_auth.cluster",
            "null_resource.redeploy_trigger"
          ]
        }
      ]
    },
    {
      "mode": "managed",
      "type": "kubernetes_service",
      "name": "tasky",
      "provider": "provider[\"registry.terraform.io/hashicorp/kubernetes\"]",
      "instances": [
        {
          "schema_version": 1,
          "attributes": {
            "id": "default/tasky-service",
            "metadata": [
              {
                "annotations": {},
                "generate_name": "",
                "generation": 0,
                "labels": {
                  "app": "tasky"
                },
                "name": "tasky-service",
                "namespace": "default",
                "resource_version": "1234152",
                "uid": "eebd50dd-6a78-45bc-a7a3-469255f51ace"
              }
            ],
            "spec": [
              {
                "allocate_load_balancer_node_ports": true,
                "cluster_ip": "10.100.5.18",
                "cluster_ips": [
                  "10.100.5.18"
                ],
                "external_ips": [],
                "external_name": "",
                "external_traffic_policy": "Cluster",
                "health_check_node_port": 0,
                "internal_traffic_policy": "Cluster",
                "ip_families": [
                  "IPv4"
                ],
                "ip_family_policy": "SingleStack",
                "load_balancer_class": "",
                "load_balancer_ip": "",
                "load_balancer_source_ranges": [],
                "port": [
                  {
                    "app_protocol": "",
                    "name": "http",
                    "node_port": 31290,
                    "port": 80,
                    "protocol": "TCP",
                    "target_port": "8080"
                  }
                ],
                "publish_not_ready_addresses": false,
                "selector": {
                  "app": "tasky"
                },
                "session_affinity": "None",
                "session_affinity_config": [],
                "type": "LoadBalancer"
              }
            ],
            "status": [
              {
                "load_balancer": [
                  {
                    "ingress": [
                      {
                        "hostname": "aeebd50dd6a7845bca7a3469255f51ac-1476053398.us-east-1.elb.amazonaws.com",
                        "ip": ""
                      }
                    ]
                  }
                ]
              }
            ],
            "timeouts": null,
            "wait_for_load_balancer": true
          },
          "sensitive_attributes": [],
          "identity_schema_version": 0,
          "private": "eyJlMmJmYjczMC1lY2FhLTExZTYtOGY4OC0zNDM2M2JjN2M0YzAiOnsiY3JlYXRlIjo2MDAwMDAwMDAwMDB9LCJzY2hlbWFfdmVyc2lvbiI6IjEifQ==",
          "dependencies": [
            "data.aws_eks_cluster.cluster",
            "data.aws_eks_cluster_auth.cluster"
          ]
        }
      ]
    },
    {
      "mode": "managed",
      "type": "null_resource",
      "name": "redeploy_trigger",
      "provider": "provider[\"registry.terraform.io/hashicorp/null\"]",
      "instances": [
        {
          "schema_version": 0,
          "attributes": {
            "id": "4314914423337227975",
            "triggers": {
              "always_run": "2025-05-23T21:14:54Z"
            }
          },
          "sensitive_attributes": [],
          "identity_schema_version": 0
        }
      ]
    },
    {
      "mode": "managed",
      "type": "random_uuid",
      "name": "redeploy",
      "provider": "provider[\"registry.terraform.io/hashicorp/random\"]",
      "instances": [
        {
          "schema_version": 0,
          "attributes": {
            "id": "d8e6871a-6002-36d0-7486-98c58d1c26fa",
            "keepers": null,
            "result": "d8e6871a-6002-36d0-7486-98c58d1c26fa"
          },
          "sensitive_attributes": [],
          "identity_schema_version": 0
        }
      ]
    }
  ],
  "check_results": null
}
